
Microsoft Visual Studio Solution File, Format Version 12.00
# Visual Studio Version 16
VisualStudioVersion = 25.0.1703.5
MinimumVisualStudioVersion = 10.0.40219.1
Project("{FAE04EC0-301F-11D3-BF4B-00C04F79EFBC}") = "DB_First", "DB_First\DB_First.csproj", "{2B829AE0-F89F-4430-B95F-9EF0AA169243}"
EndProject
Global
	GlobalSection(SolutionConfigurationPlatforms) = preSolution
		Debug|Any CPU = Debug|Any CPU
		Release|Any CPU = Release|Any CPU
	EndGlobalSection
	GlobalSection(ProjectConfigurationPlatforms) = postSolution
		{2B829AE0-F89F-4430-B95F-9EF0AA169243}.Debug|Any CPU.ActiveCfg = Debug|Any CPU
		{2B829AE0-F89F-4430-B95F-9EF0AA169243}.Debug|Any CPU.Build.0 = Debug|Any CPU
		{2B829AE0-F89F-4430-B95F-9EF0AA169243}.Release|Any CPU.ActiveCfg = Release|Any CPU
		{2B829AE0-F89F-4430-B95F-9EF0AA169243}.Release|Any CPU.Build.0 = Release|Any CPU
	EndGlobalSection
	GlobalSection(SolutionProperties) = preSolution
		HideSolutionNode = FALSE
	EndGlobalSection
	GlobalSection(ExtensibilityGlobals) = postSolution
		SolutionGuid = {5FCF08FD-B6F9-4E68-9106-9078E3C5F2D7}
	EndGlobalSection
EndGlobal
