
Microsoft Visual Studio Solution File, Format Version 12.00
# Visual Studio Version 17
VisualStudioVersion = 17.3.32929.385
MinimumVisualStudioVersion = 10.0.40219.1
Project("{9A19103F-16F7-4668-BE54-9A1E7A4F7556}") = "async_await", "async_await\async_await.csproj", "{089182DA-A54B-45C4-8482-93D074A17DAD}"
EndProject
Project("{9A19103F-16F7-4668-BE54-9A1E7A4F7556}") = "asyncLove", "asyncLove\asyncLove.csproj", "{2F4523B3-08B7-493C-B2CD-F483AE871B53}"
EndProject
Project("{FAE04EC0-301F-11D3-BF4B-00C04F79EFBC}") = "AsyncAwaitInside", "AsyncAwaitInside\AsyncAwaitInside.csproj", "{BBEAF91F-3E1D-4764-AF20-7A917A706965}"
EndProject
Global
	GlobalSection(SolutionConfigurationPlatforms) = preSolution
		Debug|Any CPU = Debug|Any CPU
		Release|Any CPU = Release|Any CPU
	EndGlobalSection
	GlobalSection(ProjectConfigurationPlatforms) = postSolution
		{089182DA-A54B-45C4-8482-93D074A17DAD}.Debug|Any CPU.ActiveCfg = Debug|Any CPU
		{089182DA-A54B-45C4-8482-93D074A17DAD}.Debug|Any CPU.Build.0 = Debug|Any CPU
		{089182DA-A54B-45C4-8482-93D074A17DAD}.Release|Any CPU.ActiveCfg = Release|Any CPU
		{089182DA-A54B-45C4-8482-93D074A17DAD}.Release|Any CPU.Build.0 = Release|Any CPU
		{2F4523B3-08B7-493C-B2CD-F483AE871B53}.Debug|Any CPU.ActiveCfg = Debug|Any CPU
		{2F4523B3-08B7-493C-B2CD-F483AE871B53}.Debug|Any CPU.Build.0 = Debug|Any CPU
		{2F4523B3-08B7-493C-B2CD-F483AE871B53}.Release|Any CPU.ActiveCfg = Release|Any CPU
		{2F4523B3-08B7-493C-B2CD-F483AE871B53}.Release|Any CPU.Build.0 = Release|Any CPU
		{BBEAF91F-3E1D-4764-AF20-7A917A706965}.Debug|Any CPU.ActiveCfg = Debug|Any CPU
		{BBEAF91F-3E1D-4764-AF20-7A917A706965}.Debug|Any CPU.Build.0 = Debug|Any CPU
		{BBEAF91F-3E1D-4764-AF20-7A917A706965}.Release|Any CPU.ActiveCfg = Release|Any CPU
		{BBEAF91F-3E1D-4764-AF20-7A917A706965}.Release|Any CPU.Build.0 = Release|Any CPU
	EndGlobalSection
	GlobalSection(SolutionProperties) = preSolution
		HideSolutionNode = FALSE
	EndGlobalSection
	GlobalSection(ExtensibilityGlobals) = postSolution
		SolutionGuid = {FB527DEC-68CD-44DC-BA9A-1F609B080E39}
	EndGlobalSection
EndGlobal
