
Microsoft Visual Studio Solution File, Format Version 12.00
# Visual Studio Version 17
VisualStudioVersion = 17.1.32319.34
MinimumVisualStudioVersion = 10.0.40219.1
Project("{FAE04EC0-301F-11D3-BF4B-00C04F79EFBC}") = "Abstract_Factory", "Abstract_Factory\Abstract_Factory.csproj", "{1817691D-9E97-4F73-B447-CA6AC0AEBB80}"
EndProject
Global
	GlobalSection(SolutionConfigurationPlatforms) = preSolution
		Debug|Any CPU = Debug|Any CPU
		Release|Any CPU = Release|Any CPU
	EndGlobalSection
	GlobalSection(ProjectConfigurationPlatforms) = postSolution
		{1817691D-9E97-4F73-B447-CA6AC0AEBB80}.Debug|Any CPU.ActiveCfg = Debug|Any CPU
		{1817691D-9E97-4F73-B447-CA6AC0AEBB80}.Debug|Any CPU.Build.0 = Debug|Any CPU
		{1817691D-9E97-4F73-B447-CA6AC0AEBB80}.Release|Any CPU.ActiveCfg = Release|Any CPU
		{1817691D-9E97-4F73-B447-CA6AC0AEBB80}.Release|Any CPU.Build.0 = Release|Any CPU
	EndGlobalSection
	GlobalSection(SolutionProperties) = preSolution
		HideSolutionNode = FALSE
	EndGlobalSection
	GlobalSection(ExtensibilityGlobals) = postSolution
		SolutionGuid = {ED702FAB-7ED3-4841-A7C6-6CF7E86EF5E2}
	EndGlobalSection
EndGlobal
