
Microsoft Visual Studio Solution File, Format Version 12.00
Project("{FAE04EC0-301F-11D3-BF4B-00C04F79EFBC}") = "Strategy", "Strategy\Strategy.csproj", "{0BBD8B5A-A3DF-476E-B728-B135BAFC0613}"
EndProject
Global
	GlobalSection(SolutionConfigurationPlatforms) = preSolution
		Debug|Any CPU = Debug|Any CPU
		Release|Any CPU = Release|Any CPU
	EndGlobalSection
	GlobalSection(ProjectConfigurationPlatforms) = postSolution
		{0BBD8B5A-A3DF-476E-B728-B135BAFC0613}.Debug|Any CPU.ActiveCfg = Debug|Any CPU
		{0BBD8B5A-A3DF-476E-B728-B135BAFC0613}.Debug|Any CPU.Build.0 = Debug|Any CPU
		{0BBD8B5A-A3DF-476E-B728-B135BAFC0613}.Release|Any CPU.ActiveCfg = Release|Any CPU
		{0BBD8B5A-A3DF-476E-B728-B135BAFC0613}.Release|Any CPU.Build.0 = Release|Any CPU
	EndGlobalSection
EndGlobal
